// !$*UTF8*$!
{
	archiveVersion = 1;
	classes = {
	};
	objectVersion = 50;
	objects = {

/* Begin PBXBuildFile section */
		152B31AB48E357B964CDF17C /* Pods_XLsn0wDrawKit.framework in Frameworks */ = {isa = PBXBuildFile; fileRef = F795D90754F5CA37021F9C56 /* Pods_XLsn0wDrawKit.framework */; };
		CD322C912088431100609DCA /* AppDelegate.m in Sources */ = {isa = PBXBuildFile; fileRef = CD322C902088431100609DCA /* AppDelegate.m */; };
		CD322C972088431100609DCA /* Main.storyboard in Resources */ = {isa = PBXBuildFile; fileRef = CD322C952088431100609DCA /* Main.storyboard */; };
		CD322C992088431300609DCA /* Assets.xcassets in Resources */ = {isa = PBXBuildFile; fileRef = CD322C982088431300609DCA /* Assets.xcassets */; };
		CD322C9C2088431300609DCA /* LaunchScreen.storyboard in Resources */ = {isa = PBXBuildFile; fileRef = CD322C9A2088431300609DCA /* LaunchScreen.storyboard */; };
		CD322C9F2088431300609DCA /* main.m in Sources */ = {isa = PBXBuildFile; fileRef = CD322C9E2088431300609DCA /* main.m */; };
		CD322CA92088431300609DCA /* XLsn0wDrawKitTests.m in Sources */ = {isa = PBXBuildFile; fileRef = CD322CA82088431300609DCA /* XLsn0wDrawKitTests.m */; };
		CD322CB42088431300609DCA /* XLsn0wDrawKitUITests.m in Sources */ = {isa = PBXBuildFile; fileRef = CD322CB32088431300609DCA /* XLsn0wDrawKitUITests.m */; };
		CD322CC4208844D100609DCA /* ViewController.m in Sources */ = {isa = PBXBuildFile; fileRef = CD322CC2208844D100609DCA /* ViewController.m */; };
		CD322CC5208844D100609DCA /* DrawView.m in Sources */ = {isa = PBXBuildFile; fileRef = CD322CC3208844D100609DCA /* DrawView.m */; };
		CD322CC92088619300609DCA /* DialView.m in Sources */ = {isa = PBXBuildFile; fileRef = CD322CC82088619300609DCA /* DialView.m */; };
		CD322CD32088693F00609DCA /* CircularChart.m in Sources */ = {isa = PBXBuildFile; fileRef = CD322CCC2088693D00609DCA /* CircularChart.m */; };
		CD322CD42088693F00609DCA /* LineChartView.m in Sources */ = {isa = PBXBuildFile; fileRef = CD322CCE2088693E00609DCA /* LineChartView.m */; };
		CD322CD52088693F00609DCA /* BarChartView.m in Sources */ = {isa = PBXBuildFile; fileRef = CD322CCF2088693E00609DCA /* BarChartView.m */; };
		CD322CD62088693F00609DCA /* GaugeChartView.m in Sources */ = {isa = PBXBuildFile; fileRef = CD322CD12088693E00609DCA /* GaugeChartView.m */; };
		CD6B2A9C2089EAFA00C372AB /* BaseEmitterLayerView.m in Sources */ = {isa = PBXBuildFile; fileRef = CD6B2A952089EAF900C372AB /* BaseEmitterLayerView.m */; };
		CD6B2A9D2089EAFA00C372AB /* SnowEmitterCellView.m in Sources */ = {isa = PBXBuildFile; fileRef = CD6B2A962089EAF900C372AB /* SnowEmitterCellView.m */; };
		CD6B2A9E2089EAFA00C372AB /* XLsn0wGradientLayerLabel.m in Sources */ = {isa = PBXBuildFile; fileRef = CD6B2A972089EAF900C372AB /* XLsn0wGradientLayerLabel.m */; };
		CDC0A281208EDA7200400E9A /* XLsn0wDrawKit.podspec in Resources */ = {isa = PBXBuildFile; fileRef = CDC0A280208EDA7200400E9A /* XLsn0wDrawKit.podspec */; };
		CDC0A287208EDBF400400E9A /* XLsn0wAnimationLayer.m in Sources */ = {isa = PBXBuildFile; fileRef = CDC0A286208EDBF400400E9A /* XLsn0wAnimationLayer.m */; };
		CDC177D8208F31C200F0E86C /* XLsn0wDrawKit.bundle in Resources */ = {isa = PBXBuildFile; fileRef = CDC177D7208F31C200F0E86C /* XLsn0wDrawKit.bundle */; };
/* End PBXBuildFile section */

/* Begin PBXContainerItemProxy section */
		CD322CA52088431300609DCA /* PBXContainerItemProxy */ = {
			isa = PBXContainerItemProxy;
			containerPortal = CD322C842088431100609DCA /* Project object */;
			proxyType = 1;
			remoteGlobalIDString = CD322C8B2088431100609DCA;
			remoteInfo = XLsn0wDrawKit;
		};
		CD322CB02088431300609DCA /* PBXContainerItemProxy */ = {
			isa = PBXContainerItemProxy;
			containerPortal = CD322C842088431100609DCA /* Project object */;
			proxyType = 1;
			remoteGlobalIDString = CD322C8B2088431100609DCA;
			remoteInfo = XLsn0wDrawKit;
		};
/* End PBXContainerItemProxy section */

/* Begin PBXFileReference section */
		8D4629D5ABDDEC954B4705E2 /* Pods-XLsn0wDrawKit.debug.xcconfig */ = {isa = PBXFileReference; includeInIndex = 1; lastKnownFileType = text.xcconfig; name = "Pods-XLsn0wDrawKit.debug.xcconfig"; path = "Pods/Target Support Files/Pods-XLsn0wDrawKit/Pods-XLsn0wDrawKit.debug.xcconfig"; sourceTree = "<group>"; };
		CD322C8C2088431100609DCA /* XLsn0wDrawKit.app */ = {isa = PBXFileReference; explicitFileType = wrapper.application; includeInIndex = 0; path = XLsn0wDrawKit.app; sourceTree = BUILT_PRODUCTS_DIR; };
		CD322C8F2088431100609DCA /* AppDelegate.h */ = {isa = PBXFileReference; lastKnownFileType = sourcecode.c.h; path = AppDelegate.h; sourceTree = "<group>"; };
		CD322C902088431100609DCA /* AppDelegate.m */ = {isa = PBXFileReference; lastKnownFileType = sourcecode.c.objc; path = AppDelegate.m; sourceTree = "<group>"; };
		CD322C922088431100609DCA /* ViewController.h */ = {isa = PBXFileReference; lastKnownFileType = sourcecode.c.h; path = ViewController.h; sourceTree = "<group>"; };
		CD322C962088431100609DCA /* Base */ = {isa = PBXFileReference; lastKnownFileType = file.storyboard; name = Base; path = Base.lproj/Main.storyboard; sourceTree = "<group>"; };
		CD322C982088431300609DCA /* Assets.xcassets */ = {isa = PBXFileReference; lastKnownFileType = folder.assetcatalog; path = Assets.xcassets; sourceTree = "<group>"; };
		CD322C9B2088431300609DCA /* Base */ = {isa = PBXFileReference; lastKnownFileType = file.storyboard; name = Base; path = Base.lproj/LaunchScreen.storyboard; sourceTree = "<group>"; };
		CD322C9D2088431300609DCA /* Info.plist */ = {isa = PBXFileReference; lastKnownFileType = text.plist.xml; path = Info.plist; sourceTree = "<group>"; };
		CD322C9E2088431300609DCA /* main.m */ = {isa = PBXFileReference; lastKnownFileType = sourcecode.c.objc; path = main.m; sourceTree = "<group>"; };
		CD322CA42088431300609DCA /* XLsn0wDrawKitTests.xctest */ = {isa = PBXFileReference; explicitFileType = wrapper.cfbundle; includeInIndex = 0; path = XLsn0wDrawKitTests.xctest; sourceTree = BUILT_PRODUCTS_DIR; };
		CD322CA82088431300609DCA /* XLsn0wDrawKitTests.m */ = {isa = PBXFileReference; lastKnownFileType = sourcecode.c.objc; path = XLsn0wDrawKitTests.m; sourceTree = "<group>"; };
		CD322CAA2088431300609DCA /* Info.plist */ = {isa = PBXFileReference; lastKnownFileType = text.plist.xml; path = Info.plist; sourceTree = "<group>"; };
		CD322CAF2088431300609DCA /* XLsn0wDrawKitUITests.xctest */ = {isa = PBXFileReference; explicitFileType = wrapper.cfbundle; includeInIndex = 0; path = XLsn0wDrawKitUITests.xctest; sourceTree = BUILT_PRODUCTS_DIR; };
		CD322CB32088431300609DCA /* XLsn0wDrawKitUITests.m */ = {isa = PBXFileReference; lastKnownFileType = sourcecode.c.objc; path = XLsn0wDrawKitUITests.m; sourceTree = "<group>"; };
		CD322CB52088431300609DCA /* Info.plist */ = {isa = PBXFileReference; lastKnownFileType = text.plist.xml; path = Info.plist; sourceTree = "<group>"; };
		CD322CC1208844D100609DCA /* DrawView.h */ = {isa = PBXFileReference; fileEncoding = 4; lastKnownFileType = sourcecode.c.h; path = DrawView.h; sourceTree = "<group>"; };
		CD322CC2208844D100609DCA /* ViewController.m */ = {isa = PBXFileReference; fileEncoding = 4; lastKnownFileType = sourcecode.c.objc; path = ViewController.m; sourceTree = "<group>"; };
		CD322CC3208844D100609DCA /* DrawView.m */ = {isa = PBXFileReference; fileEncoding = 4; lastKnownFileType = sourcecode.c.objc; path = DrawView.m; sourceTree = "<group>"; };
		CD322CC620885D2E00609DCA /* PrefixHeader.pch */ = {isa = PBXFileReference; lastKnownFileType = sourcecode.c.h; path = PrefixHeader.pch; sourceTree = "<group>"; };
		CD322CC72088619300609DCA /* DialView.h */ = {isa = PBXFileReference; fileEncoding = 4; lastKnownFileType = sourcecode.c.h; path = DialView.h; sourceTree = "<group>"; };
		CD322CC82088619300609DCA /* DialView.m */ = {isa = PBXFileReference; fileEncoding = 4; lastKnownFileType = sourcecode.c.objc; path = DialView.m; sourceTree = "<group>"; };
		CD322CCA2088693D00609DCA /* CircularChart.h */ = {isa = PBXFileReference; fileEncoding = 4; lastKnownFileType = sourcecode.c.h; path = CircularChart.h; sourceTree = "<group>"; };
		CD322CCB2088693D00609DCA /* BarChartView.h */ = {isa = PBXFileReference; fileEncoding = 4; lastKnownFileType = sourcecode.c.h; path = BarChartView.h; sourceTree = "<group>"; };
		CD322CCC2088693D00609DCA /* CircularChart.m */ = {isa = PBXFileReference; fileEncoding = 4; lastKnownFileType = sourcecode.c.objc; path = CircularChart.m; sourceTree = "<group>"; };
		CD322CCE2088693E00609DCA /* LineChartView.m */ = {isa = PBXFileReference; fileEncoding = 4; lastKnownFileType = sourcecode.c.objc; path = LineChartView.m; sourceTree = "<group>"; };
		CD322CCF2088693E00609DCA /* BarChartView.m */ = {isa = PBXFileReference; fileEncoding = 4; lastKnownFileType = sourcecode.c.objc; path = BarChartView.m; sourceTree = "<group>"; };
		CD322CD02088693E00609DCA /* LineChartView.h */ = {isa = PBXFileReference; fileEncoding = 4; lastKnownFileType = sourcecode.c.h; path = LineChartView.h; sourceTree = "<group>"; };
		CD322CD12088693E00609DCA /* GaugeChartView.m */ = {isa = PBXFileReference; fileEncoding = 4; lastKnownFileType = sourcecode.c.objc; path = GaugeChartView.m; sourceTree = "<group>"; };
		CD322CD22088693E00609DCA /* GaugeChartView.h */ = {isa = PBXFileReference; fileEncoding = 4; lastKnownFileType = sourcecode.c.h; path = GaugeChartView.h; sourceTree = "<group>"; };
		CD6B2A8F2089EAF800C372AB /* BaseEmitterLayerView.h */ = {isa = PBXFileReference; fileEncoding = 4; lastKnownFileType = sourcecode.c.h; path = BaseEmitterLayerView.h; sourceTree = "<group>"; };
		CD6B2A902089EAF800C372AB /* XLsn0wGradientLayerLabel.h */ = {isa = PBXFileReference; fileEncoding = 4; lastKnownFileType = sourcecode.c.h; path = XLsn0wGradientLayerLabel.h; sourceTree = "<group>"; };
		CD6B2A912089EAF800C372AB /* SnowEmitterCellView.h */ = {isa = PBXFileReference; fileEncoding = 4; lastKnownFileType = sourcecode.c.h; path = SnowEmitterCellView.h; sourceTree = "<group>"; };
		CD6B2A952089EAF900C372AB /* BaseEmitterLayerView.m */ = {isa = PBXFileReference; fileEncoding = 4; lastKnownFileType = sourcecode.c.objc; path = BaseEmitterLayerView.m; sourceTree = "<group>"; };
		CD6B2A962089EAF900C372AB /* SnowEmitterCellView.m */ = {isa = PBXFileReference; fileEncoding = 4; lastKnownFileType = sourcecode.c.objc; path = SnowEmitterCellView.m; sourceTree = "<group>"; };
		CD6B2A972089EAF900C372AB /* XLsn0wGradientLayerLabel.m */ = {isa = PBXFileReference; fileEncoding = 4; lastKnownFileType = sourcecode.c.objc; path = XLsn0wGradientLayerLabel.m; sourceTree = "<group>"; };
		CDC0A280208EDA7200400E9A /* XLsn0wDrawKit.podspec */ = {isa = PBXFileReference; fileEncoding = 4; lastKnownFileType = text; path = XLsn0wDrawKit.podspec; sourceTree = "<group>"; };
		CDC0A285208EDBF400400E9A /* XLsn0wAnimationLayer.h */ = {isa = PBXFileReference; lastKnownFileType = sourcecode.c.h; path = XLsn0wAnimationLayer.h; sourceTree = "<group>"; };
		CDC0A286208EDBF400400E9A /* XLsn0wAnimationLayer.m */ = {isa = PBXFileReference; lastKnownFileType = sourcecode.c.objc; path = XLsn0wAnimationLayer.m; sourceTree = "<group>"; };
		CDC0A289208EFC2C00400E9A /* XLsn0wDrawKit.h */ = {isa = PBXFileReference; lastKnownFileType = sourcecode.c.h; path = XLsn0wDrawKit.h; sourceTree = "<group>"; };
		CDC177D7208F31C200F0E86C /* XLsn0wDrawKit.bundle */ = {isa = PBXFileReference; lastKnownFileType = "wrapper.plug-in"; path = XLsn0wDrawKit.bundle; sourceTree = "<group>"; };
		E554C36C37EED55AF1E2C740 /* Pods-XLsn0wDrawKit.release.xcconfig */ = {isa = PBXFileReference; includeInIndex = 1; lastKnownFileType = text.xcconfig; name = "Pods-XLsn0wDrawKit.release.xcconfig"; path = "Pods/Target Support Files/Pods-XLsn0wDrawKit/Pods-XLsn0wDrawKit.release.xcconfig"; sourceTree = "<group>"; };
		F795D90754F5CA37021F9C56 /* Pods_XLsn0wDrawKit.framework */ = {isa = PBXFileReference; explicitFileType = wrapper.framework; includeInIndex = 0; path = Pods_XLsn0wDrawKit.framework; sourceTree = BUILT_PRODUCTS_DIR; };
/* End PBXFileReference section */

/* Begin PBXFrameworksBuildPhase section */
		CD322C892088431100609DCA /* Frameworks */ = {
			isa = PBXFrameworksBuildPhase;
			buildActionMask = 2147483647;
			files = (
				152B31AB48E357B964CDF17C /* Pods_XLsn0wDrawKit.framework in Frameworks */,
			);
			runOnlyForDeploymentPostprocessing = 0;
		};
		CD322CA12088431300609DCA /* Frameworks */ = {
			isa = PBXFrameworksBuildPhase;
			buildActionMask = 2147483647;
			files = (
			);
			runOnlyForDeploymentPostprocessing = 0;
		};
		CD322CAC2088431300609DCA /* Frameworks */ = {
			isa = PBXFrameworksBuildPhase;
			buildActionMask = 2147483647;
			files = (
			);
			runOnlyForDeploymentPostprocessing = 0;
		};
/* End PBXFrameworksBuildPhase section */

/* Begin PBXGroup section */
		5A417FBE70B964B2FA157399 /* Frameworks */ = {
			isa = PBXGroup;
			children = (
				F795D90754F5CA37021F9C56 /* Pods_XLsn0wDrawKit.framework */,
			);
			name = Frameworks;
			sourceTree = "<group>";
		};
		B2AD1DCF5A91A19ECB46BEF2 /* Pods */ = {
			isa = PBXGroup;
			children = (
				8D4629D5ABDDEC954B4705E2 /* Pods-XLsn0wDrawKit.debug.xcconfig */,
				E554C36C37EED55AF1E2C740 /* Pods-XLsn0wDrawKit.release.xcconfig */,
			);
			name = Pods;
			sourceTree = "<group>";
		};
		CD322C832088431100609DCA = {
			isa = PBXGroup;
			children = (
				CDC0A27F208EDA7200400E9A /* DrawKit */,
				CD322C8E2088431100609DCA /* XLsn0wDrawKit */,
				CD322CA72088431300609DCA /* XLsn0wDrawKitTests */,
				CD322CB22088431300609DCA /* XLsn0wDrawKitUITests */,
				CD322C8D2088431100609DCA /* Products */,
				B2AD1DCF5A91A19ECB46BEF2 /* Pods */,
				5A417FBE70B964B2FA157399 /* Frameworks */,
			);
			sourceTree = "<group>";
		};
		CD322C8D2088431100609DCA /* Products */ = {
			isa = PBXGroup;
			children = (
				CD322C8C2088431100609DCA /* XLsn0wDrawKit.app */,
				CD322CA42088431300609DCA /* XLsn0wDrawKitTests.xctest */,
				CD322CAF2088431300609DCA /* XLsn0wDrawKitUITests.xctest */,
			);
			name = Products;
			sourceTree = "<group>";
		};
		CD322C8E2088431100609DCA /* XLsn0wDrawKit */ = {
			isa = PBXGroup;
			children = (
				CDC177D4208F089E00F0E86C /* Main */,
				CD322CEF2088927900609DCA /* DrawRect */,
			);
			path = XLsn0wDrawKit;
			sourceTree = "<group>";
		};
		CD322CA72088431300609DCA /* XLsn0wDrawKitTests */ = {
			isa = PBXGroup;
			children = (
				CD322CA82088431300609DCA /* XLsn0wDrawKitTests.m */,
				CD322CAA2088431300609DCA /* Info.plist */,
			);
			path = XLsn0wDrawKitTests;
			sourceTree = "<group>";
		};
		CD322CB22088431300609DCA /* XLsn0wDrawKitUITests */ = {
			isa = PBXGroup;
			children = (
				CD322CB32088431300609DCA /* XLsn0wDrawKitUITests.m */,
				CD322CB52088431300609DCA /* Info.plist */,
			);
			path = XLsn0wDrawKitUITests;
			sourceTree = "<group>";
		};
		CD322CD720886A8B00609DCA /* UIView */ = {
			isa = PBXGroup;
			children = (
				CD322CF020889D8900609DCA /* Chart */,
				CDFF8A052089C9010005B749 /* DialView */,
			);
			path = UIView;
			sourceTree = "<group>";
		};
		CD322CEF2088927900609DCA /* DrawRect */ = {
			isa = PBXGroup;
			children = (
				CD322CC1208844D100609DCA /* DrawView.h */,
				CD322CC3208844D100609DCA /* DrawView.m */,
			);
			path = DrawRect;
			sourceTree = "<group>";
		};
		CD322CF020889D8900609DCA /* Chart */ = {
			isa = PBXGroup;
			children = (
				CD322CD02088693E00609DCA /* LineChartView.h */,
				CD322CCE2088693E00609DCA /* LineChartView.m */,
				CD322CCB2088693D00609DCA /* BarChartView.h */,
				CD322CCF2088693E00609DCA /* BarChartView.m */,
				CD322CD22088693E00609DCA /* GaugeChartView.h */,
				CD322CD12088693E00609DCA /* GaugeChartView.m */,
				CD322CCA2088693D00609DCA /* CircularChart.h */,
				CD322CCC2088693D00609DCA /* CircularChart.m */,
			);
			path = Chart;
			sourceTree = "<group>";
		};
		CD6B2AA12089EEE200C372AB /* CAGradientLayer */ = {
			isa = PBXGroup;
			children = (
				CD6B2A902089EAF800C372AB /* XLsn0wGradientLayerLabel.h */,
				CD6B2A972089EAF900C372AB /* XLsn0wGradientLayerLabel.m */,
			);
			path = CAGradientLayer;
			sourceTree = "<group>";
		};
		CD6B2AA32089F0DC00C372AB /* CAEmitterLayer */ = {
			isa = PBXGroup;
			children = (
				CD6B2A8F2089EAF800C372AB /* BaseEmitterLayerView.h */,
				CD6B2A952089EAF900C372AB /* BaseEmitterLayerView.m */,
				CD6B2A912089EAF800C372AB /* SnowEmitterCellView.h */,
				CD6B2A962089EAF900C372AB /* SnowEmitterCellView.m */,
			);
			path = CAEmitterLayer;
			sourceTree = "<group>";
		};
		CDC0A27F208EDA7200400E9A /* DrawKit */ = {
			isa = PBXGroup;
			children = (
				CDC0A280208EDA7200400E9A /* XLsn0wDrawKit.podspec */,
				CDC0A289208EFC2C00400E9A /* XLsn0wDrawKit.h */,
				CDC177D9208F324800F0E86C /* Bundle */,
				CD322CD720886A8B00609DCA /* UIView */,
				CDC177D5208F0A4A00F0E86C /* CALayer */,
			);
			path = DrawKit;
			sourceTree = "<group>";
		};
		CDC177D4208F089E00F0E86C /* Main */ = {
			isa = PBXGroup;
			children = (
				CD322C8F2088431100609DCA /* AppDelegate.h */,
				CD322C902088431100609DCA /* AppDelegate.m */,
				CD322C922088431100609DCA /* ViewController.h */,
				CD322CC2208844D100609DCA /* ViewController.m */,
				CD322CC620885D2E00609DCA /* PrefixHeader.pch */,
				CD322C952088431100609DCA /* Main.storyboard */,
				CD322C982088431300609DCA /* Assets.xcassets */,
				CD322C9A2088431300609DCA /* LaunchScreen.storyboard */,
				CD322C9E2088431300609DCA /* main.m */,
				CD322C9D2088431300609DCA /* Info.plist */,
			);
			path = Main;
			sourceTree = "<group>";
		};
		CDC177D5208F0A4A00F0E86C /* CALayer */ = {
			isa = PBXGroup;
			children = (
				CDC177D6208F2F3B00F0E86C /* CAShapeLayer */,
				CD6B2AA32089F0DC00C372AB /* CAEmitterLayer */,
				CD6B2AA12089EEE200C372AB /* CAGradientLayer */,
			);
			path = CALayer;
			sourceTree = "<group>";
		};
		CDC177D6208F2F3B00F0E86C /* CAShapeLayer */ = {
			isa = PBXGroup;
			children = (
				CDC0A285208EDBF400400E9A /* XLsn0wAnimationLayer.h */,
				CDC0A286208EDBF400400E9A /* XLsn0wAnimationLayer.m */,
			);
			path = CAShapeLayer;
			sourceTree = "<group>";
		};
		CDC177D9208F324800F0E86C /* Bundle */ = {
			isa = PBXGroup;
			children = (
				CDC177D7208F31C200F0E86C /* XLsn0wDrawKit.bundle */,
			);
			path = Bundle;
			sourceTree = "<group>";
		};
		CDFF8A052089C9010005B749 /* DialView */ = {
			isa = PBXGroup;
			children = (
				CD322CC72088619300609DCA /* DialView.h */,
				CD322CC82088619300609DCA /* DialView.m */,
			);
			path = DialView;
			sourceTree = "<group>";
		};
/* End PBXGroup section */

/* Begin PBXNativeTarget section */
		CD322C8B2088431100609DCA /* XLsn0wDrawKit */ = {
			isa = PBXNativeTarget;
			buildConfigurationList = CD322CB82088431300609DCA /* Build configuration list for PBXNativeTarget "XLsn0wDrawKit" */;
			buildPhases = (
				8C9802EBEE20829F09D97653 /* [CP] Check Pods Manifest.lock */,
				CD322C882088431100609DCA /* Sources */,
				CD322C892088431100609DCA /* Frameworks */,
				CD322C8A2088431100609DCA /* Resources */,
				6F64DD7BE680E2BBB490167F /* [CP] Embed Pods Frameworks */,
			);
			buildRules = (
			);
			dependencies = (
			);
			name = XLsn0wDrawKit;
			productName = XLsn0wDrawKit;
			productReference = CD322C8C2088431100609DCA /* XLsn0wDrawKit.app */;
			productType = "com.apple.product-type.application";
		};
		CD322CA32088431300609DCA /* XLsn0wDrawKitTests */ = {
			isa = PBXNativeTarget;
			buildConfigurationList = CD322CBB2088431300609DCA /* Build configuration list for PBXNativeTarget "XLsn0wDrawKitTests" */;
			buildPhases = (
				CD322CA02088431300609DCA /* Sources */,
				CD322CA12088431300609DCA /* Frameworks */,
				CD322CA22088431300609DCA /* Resources */,
			);
			buildRules = (
			);
			dependencies = (
				CD322CA62088431300609DCA /* PBXTargetDependency */,
			);
			name = XLsn0wDrawKitTests;
			productName = XLsn0wDrawKitTests;
			productReference = CD322CA42088431300609DCA /* XLsn0wDrawKitTests.xctest */;
			productType = "com.apple.product-type.bundle.unit-test";
		};
		CD322CAE2088431300609DCA /* XLsn0wDrawKitUITests */ = {
			isa = PBXNativeTarget;
			buildConfigurationList = CD322CBE2088431300609DCA /* Build configuration list for PBXNativeTarget "XLsn0wDrawKitUITests" */;
			buildPhases = (
				CD322CAB2088431300609DCA /* Sources */,
				CD322CAC2088431300609DCA /* Frameworks */,
				CD322CAD2088431300609DCA /* Resources */,
			);
			buildRules = (
			);
			dependencies = (
				CD322CB12088431300609DCA /* PBXTargetDependency */,
			);
			name = XLsn0wDrawKitUITests;
			productName = XLsn0wDrawKitUITests;
			productReference = CD322CAF2088431300609DCA /* XLsn0wDrawKitUITests.xctest */;
			productType = "com.apple.product-type.bundle.ui-testing";
		};
/* End PBXNativeTarget section */

/* Begin PBXProject section */
		CD322C842088431100609DCA /* Project object */ = {
			isa = PBXProject;
			attributes = {
				LastUpgradeCheck = 0930;
				ORGANIZATIONNAME = ginlong;
				TargetAttributes = {
					CD322C8B2088431100609DCA = {
						CreatedOnToolsVersion = 9.3;
					};
					CD322CA32088431300609DCA = {
						CreatedOnToolsVersion = 9.3;
						TestTargetID = CD322C8B2088431100609DCA;
					};
					CD322CAE2088431300609DCA = {
						CreatedOnToolsVersion = 9.3;
						TestTargetID = CD322C8B2088431100609DCA;
					};
				};
			};
			buildConfigurationList = CD322C872088431100609DCA /* Build configuration list for PBXProject "XLsn0wDrawKit" */;
			compatibilityVersion = "Xcode 9.3";
			developmentRegion = en;
			hasScannedForEncodings = 0;
			knownRegions = (
				en,
				Base,
			);
			mainGroup = CD322C832088431100609DCA;
			productRefGroup = CD322C8D2088431100609DCA /* Products */;
			projectDirPath = "";
			projectRoot = "";
			targets = (
				CD322C8B2088431100609DCA /* XLsn0wDrawKit */,
				CD322CA32088431300609DCA /* XLsn0wDrawKitTests */,
				CD322CAE2088431300609DCA /* XLsn0wDrawKitUITests */,
			);
		};
/* End PBXProject section */

/* Begin PBXResourcesBuildPhase section */
		CD322C8A2088431100609DCA /* Resources */ = {
			isa = PBXResourcesBuildPhase;
			buildActionMask = 2147483647;
			files = (
				CDC177D8208F31C200F0E86C /* XLsn0wDrawKit.bundle in Resources */,
				CD322C9C2088431300609DCA /* LaunchScreen.storyboard in Resources */,
				CD322C992088431300609DCA /* Assets.xcassets in Resources */,
				CD322C972088431100609DCA /* Main.storyboard in Resources */,
				CDC0A281208EDA7200400E9A /* XLsn0wDrawKit.podspec in Resources */,
			);
			runOnlyForDeploymentPostprocessing = 0;
		};
		CD322CA22088431300609DCA /* Resources */ = {
			isa = PBXResourcesBuildPhase;
			buildActionMask = 2147483647;
			files = (
			);
			runOnlyForDeploymentPostprocessing = 0;
		};
		CD322CAD2088431300609DCA /* Resources */ = {
			isa = PBXResourcesBuildPhase;
			buildActionMask = 2147483647;
			files = (
			);
			runOnlyForDeploymentPostprocessing = 0;
		};
/* End PBXResourcesBuildPhase section */

/* Begin PBXShellScriptBuildPhase section */
		6F64DD7BE680E2BBB490167F /* [CP] Embed Pods Frameworks */ = {
			isa = PBXShellScriptBuildPhase;
			buildActionMask = 2147483647;
			files = (
			);
			inputPaths = (
				"${SRCROOT}/Pods/Target Support Files/Pods-XLsn0wDrawKit/Pods-XLsn0wDrawKit-frameworks.sh",
				"${BUILT_PRODUCTS_DIR}/AFNetworking/AFNetworking.framework",
				"${BUILT_PRODUCTS_DIR}/CocoaAsyncSocket/CocoaAsyncSocket.framework",
				"${BUILT_PRODUCTS_DIR}/FMDB/FMDB.framework",
				"${BUILT_PRODUCTS_DIR}/MBProgressHUD/MBProgressHUD.framework",
				"${BUILT_PRODUCTS_DIR}/Masonry/Masonry.framework",
				"${BUILT_PRODUCTS_DIR}/SDWebImage/SDWebImage.framework",
				"${BUILT_PRODUCTS_DIR}/XLsn0wKit_objc/XLsn0wKit_objc.framework",
			);
			name = "[CP] Embed Pods Frameworks";
			outputPaths = (
				"${TARGET_BUILD_DIR}/${FRAMEWORKS_FOLDER_PATH}/AFNetworking.framework",
				"${TARGET_BUILD_DIR}/${FRAMEWORKS_FOLDER_PATH}/CocoaAsyncSocket.framework",
				"${TARGET_BUILD_DIR}/${FRAMEWORKS_FOLDER_PATH}/FMDB.framework",
				"${TARGET_BUILD_DIR}/${FRAMEWORKS_FOLDER_PATH}/MBProgressHUD.framework",
				"${TARGET_BUILD_DIR}/${FRAMEWORKS_FOLDER_PATH}/Masonry.framework",
				"${TARGET_BUILD_DIR}/${FRAMEWORKS_FOLDER_PATH}/SDWebImage.framework",
				"${TARGET_BUILD_DIR}/${FRAMEWORKS_FOLDER_PATH}/XLsn0wKit_objc.framework",
			);
			runOnlyForDeploymentPostprocessing = 0;
			shellPath = /bin/sh;
			shellScript = "\"${SRCROOT}/Pods/Target Support Files/Pods-XLsn0wDrawKit/Pods-XLsn0wDrawKit-frameworks.sh\"\n";
			showEnvVarsInLog = 0;
		};
		8C9802EBEE20829F09D97653 /* [CP] Check Pods Manifest.lock */ = {
			isa = PBXShellScriptBuildPhase;
			buildActionMask = 2147483647;
			files = (
			);
			inputPaths = (
				"${PODS_PODFILE_DIR_PATH}/Podfile.lock",
				"${PODS_ROOT}/Manifest.lock",
			);
			name = "[CP] Check Pods Manifest.lock";
			outputPaths = (
				"$(DERIVED_FILE_DIR)/Pods-XLsn0wDrawKit-checkManifestLockResult.txt",
			);
			runOnlyForDeploymentPostprocessing = 0;
			shellPath = /bin/sh;
			shellScript = "diff \"${PODS_PODFILE_DIR_PATH}/Podfile.lock\" \"${PODS_ROOT}/Manifest.lock\" > /dev/null\nif [ $? != 0 ] ; then\n    # print error to STDERR\n    echo \"error: The sandbox is not in sync with the Podfile.lock. Run 'pod install' or update your CocoaPods installation.\" >&2\n    exit 1\nfi\n# This output is used by Xcode 'outputs' to avoid re-running this script phase.\necho \"SUCCESS\" > \"${SCRIPT_OUTPUT_FILE_0}\"\n";
			showEnvVarsInLog = 0;
		};
/* End PBXShellScriptBuildPhase section */

/* Begin PBXSourcesBuildPhase section */
		CD322C882088431100609DCA /* Sources */ = {
			isa = PBXSourcesBuildPhase;
			buildActionMask = 2147483647;
			files = (
				CD322CC92088619300609DCA /* DialView.m in Sources */,
				CD322CC4208844D100609DCA /* ViewController.m in Sources */,
				CD322C9F2088431300609DCA /* main.m in Sources */,
				CD6B2A9D2089EAFA00C372AB /* SnowEmitterCellView.m in Sources */,
				CD6B2A9E2089EAFA00C372AB /* XLsn0wGradientLayerLabel.m in Sources */,
				CD322CD62088693F00609DCA /* GaugeChartView.m in Sources */,
				CD322CD42088693F00609DCA /* LineChartView.m in Sources */,
				CD322CD32088693F00609DCA /* CircularChart.m in Sources */,
				CD6B2A9C2089EAFA00C372AB /* BaseEmitterLayerView.m in Sources */,
				CD322CC5208844D100609DCA /* DrawView.m in Sources */,
				CDC0A287208EDBF400400E9A /* XLsn0wAnimationLayer.m in Sources */,
				CD322CD52088693F00609DCA /* BarChartView.m in Sources */,
				CD322C912088431100609DCA /* AppDelegate.m in Sources */,
			);
			runOnlyForDeploymentPostprocessing = 0;
		};
		CD322CA02088431300609DCA /* Sources */ = {
			isa = PBXSourcesBuildPhase;
			buildActionMask = 2147483647;
			files = (
				CD322CA92088431300609DCA /* XLsn0wDrawKitTests.m in Sources */,
			);
			runOnlyForDeploymentPostprocessing = 0;
		};
		CD322CAB2088431300609DCA /* Sources */ = {
			isa = PBXSourcesBuildPhase;
			buildActionMask = 2147483647;
			files = (
				CD322CB42088431300609DCA /* XLsn0wDrawKitUITests.m in Sources */,
			);
			runOnlyForDeploymentPostprocessing = 0;
		};
/* End PBXSourcesBuildPhase section */

/* Begin PBXTargetDependency section */
		CD322CA62088431300609DCA /* PBXTargetDependency */ = {
			isa = PBXTargetDependency;
			target = CD322C8B2088431100609DCA /* XLsn0wDrawKit */;
			targetProxy = CD322CA52088431300609DCA /* PBXContainerItemProxy */;
		};
		CD322CB12088431300609DCA /* PBXTargetDependency */ = {
			isa = PBXTargetDependency;
			target = CD322C8B2088431100609DCA /* XLsn0wDrawKit */;
			targetProxy = CD322CB02088431300609DCA /* PBXContainerItemProxy */;
		};
/* End PBXTargetDependency section */

/* Begin PBXVariantGroup section */
		CD322C952088431100609DCA /* Main.storyboard */ = {
			isa = PBXVariantGroup;
			children = (
				CD322C962088431100609DCA /* Base */,
			);
			name = Main.storyboard;
			sourceTree = "<group>";
		};
		CD322C9A2088431300609DCA /* LaunchScreen.storyboard */ = {
			isa = PBXVariantGroup;
			children = (
				CD322C9B2088431300609DCA /* Base */,
			);
			name = LaunchScreen.storyboard;
			sourceTree = "<group>";
		};
/* End PBXVariantGroup section */

/* Begin XCBuildConfiguration section */
		CD322CB62088431300609DCA /* Debug */ = {
			isa = XCBuildConfiguration;
			buildSettings = {
				ALWAYS_SEARCH_USER_PATHS = NO;
				CLANG_ANALYZER_NONNULL = YES;
				CLANG_ANALYZER_NUMBER_OBJECT_CONVERSION = YES_AGGRESSIVE;
				CLANG_CXX_LANGUAGE_STANDARD = "gnu++14";
				CLANG_CXX_LIBRARY = "libc++";
				CLANG_ENABLE_MODULES = YES;
				CLANG_ENABLE_OBJC_ARC = YES;
				CLANG_ENABLE_OBJC_WEAK = YES;
				CLANG_WARN_BLOCK_CAPTURE_AUTORELEASING = YES;
				CLANG_WARN_BOOL_CONVERSION = YES;
				CLANG_WARN_COMMA = YES;
				CLANG_WARN_CONSTANT_CONVERSION = YES;
				CLANG_WARN_DEPRECATED_OBJC_IMPLEMENTATIONS = YES;
				CLANG_WARN_DIRECT_OBJC_ISA_USAGE = YES_ERROR;
				CLANG_WARN_DOCUMENTATION_COMMENTS = YES;
				CLANG_WARN_EMPTY_BODY = YES;
				CLANG_WARN_ENUM_CONVERSION = YES;
				CLANG_WARN_INFINITE_RECURSION = YES;
				CLANG_WARN_INT_CONVERSION = YES;
				CLANG_WARN_NON_LITERAL_NULL_CONVERSION = YES;
				CLANG_WARN_OBJC_IMPLICIT_RETAIN_SELF = YES;
				CLANG_WARN_OBJC_LITERAL_CONVERSION = YES;
				CLANG_WARN_OBJC_ROOT_CLASS = YES_ERROR;
				CLANG_WARN_RANGE_LOOP_ANALYSIS = YES;
				CLANG_WARN_STRICT_PROTOTYPES = YES;
				CLANG_WARN_SUSPICIOUS_MOVE = YES;
				CLANG_WARN_UNGUARDED_AVAILABILITY = YES_AGGRESSIVE;
				CLANG_WARN_UNREACHABLE_CODE = YES;
				CLANG_WARN__DUPLICATE_METHOD_MATCH = YES;
				CODE_SIGN_IDENTITY = "iPhone Developer";
				COPY_PHASE_STRIP = NO;
				DEBUG_INFORMATION_FORMAT = dwarf;
				ENABLE_STRICT_OBJC_MSGSEND = YES;
				ENABLE_TESTABILITY = YES;
				GCC_C_LANGUAGE_STANDARD = gnu11;
				GCC_DYNAMIC_NO_PIC = NO;
				GCC_NO_COMMON_BLOCKS = YES;
				GCC_OPTIMIZATION_LEVEL = 0;
				GCC_PREPROCESSOR_DEFINITIONS = (
					"DEBUG=1",
					"$(inherited)",
				);
				GCC_WARN_64_TO_32_BIT_CONVERSION = YES;
				GCC_WARN_ABOUT_RETURN_TYPE = YES_ERROR;
				GCC_WARN_UNDECLARED_SELECTOR = YES;
				GCC_WARN_UNINITIALIZED_AUTOS = YES_AGGRESSIVE;
				GCC_WARN_UNUSED_FUNCTION = YES;
				GCC_WARN_UNUSED_VARIABLE = YES;
				IPHONEOS_DEPLOYMENT_TARGET = 11.3;
				MTL_ENABLE_DEBUG_INFO = YES;
				ONLY_ACTIVE_ARCH = YES;
				SDKROOT = iphoneos;
			};
			name = Debug;
		};
		CD322CB72088431300609DCA /* Release */ = {
			isa = XCBuildConfiguration;
			buildSettings = {
				ALWAYS_SEARCH_USER_PATHS = NO;
				CLANG_ANALYZER_NONNULL = YES;
				CLANG_ANALYZER_NUMBER_OBJECT_CONVERSION = YES_AGGRESSIVE;
				CLANG_CXX_LANGUAGE_STANDARD = "gnu++14";
				CLANG_CXX_LIBRARY = "libc++";
				CLANG_ENABLE_MODULES = YES;
				CLANG_ENABLE_OBJC_ARC = YES;
				CLANG_ENABLE_OBJC_WEAK = YES;
				CLANG_WARN_BLOCK_CAPTURE_AUTORELEASING = YES;
				CLANG_WARN_BOOL_CONVERSION = YES;
				CLANG_WARN_COMMA = YES;
				CLANG_WARN_CONSTANT_CONVERSION = YES;
				CLANG_WARN_DEPRECATED_OBJC_IMPLEMENTATIONS = YES;
				CLANG_WARN_DIRECT_OBJC_ISA_USAGE = YES_ERROR;
				CLANG_WARN_DOCUMENTATION_COMMENTS = YES;
				CLANG_WARN_EMPTY_BODY = YES;
				CLANG_WARN_ENUM_CONVERSION = YES;
				CLANG_WARN_INFINITE_RECURSION = YES;
				CLANG_WARN_INT_CONVERSION = YES;
				CLANG_WARN_NON_LITERAL_NULL_CONVERSION = YES;
				CLANG_WARN_OBJC_IMPLICIT_RETAIN_SELF = YES;
				CLANG_WARN_OBJC_LITERAL_CONVERSION = YES;
				CLANG_WARN_OBJC_ROOT_CLASS = YES_ERROR;
				CLANG_WARN_RANGE_LOOP_ANALYSIS = YES;
				CLANG_WARN_STRICT_PROTOTYPES = YES;
				CLANG_WARN_SUSPICIOUS_MOVE = YES;
				CLANG_WARN_UNGUARDED_AVAILABILITY = YES_AGGRESSIVE;
				CLANG_WARN_UNREACHABLE_CODE = YES;
				CLANG_WARN__DUPLICATE_METHOD_MATCH = YES;
				CODE_SIGN_IDENTITY = "iPhone Developer";
				COPY_PHASE_STRIP = NO;
				DEBUG_INFORMATION_FORMAT = "dwarf-with-dsym";
				ENABLE_NS_ASSERTIONS = NO;
				ENABLE_STRICT_OBJC_MSGSEND = YES;
				GCC_C_LANGUAGE_STANDARD = gnu11;
				GCC_NO_COMMON_BLOCKS = YES;
				GCC_WARN_64_TO_32_BIT_CONVERSION = YES;
				GCC_WARN_ABOUT_RETURN_TYPE = YES_ERROR;
				GCC_WARN_UNDECLARED_SELECTOR = YES;
				GCC_WARN_UNINITIALIZED_AUTOS = YES_AGGRESSIVE;
				GCC_WARN_UNUSED_FUNCTION = YES;
				GCC_WARN_UNUSED_VARIABLE = YES;
				IPHONEOS_DEPLOYMENT_TARGET = 11.3;
				MTL_ENABLE_DEBUG_INFO = NO;
				SDKROOT = iphoneos;
				VALIDATE_PRODUCT = YES;
			};
			name = Release;
		};
		CD322CB92088431300609DCA /* Debug */ = {
			isa = XCBuildConfiguration;
			baseConfigurationReference = 8D4629D5ABDDEC954B4705E2 /* Pods-XLsn0wDrawKit.debug.xcconfig */;
			buildSettings = {
				ASSETCATALOG_COMPILER_APPICON_NAME = AppIcon;
				CODE_SIGN_STYLE = Automatic;
				DEVELOPMENT_TEAM = MS6RTU94VW;
				GCC_PREFIX_HEADER = XLsn0wDrawKit/Main/PrefixHeader.pch;
				INFOPLIST_FILE = XLsn0wDrawKit/Main/Info.plist;
				LD_RUNPATH_SEARCH_PATHS = (
					"$(inherited)",
					"@executable_path/Frameworks",
				);
				PRODUCT_BUNDLE_IDENTIFIER = com.ginlong.XLsn0wDrawKit;
				PRODUCT_NAME = "$(TARGET_NAME)";
				TARGETED_DEVICE_FAMILY = "1,2";
			};
			name = Debug;
		};
		CD322CBA2088431300609DCA /* Release */ = {
			isa = XCBuildConfiguration;
			baseConfigurationReference = E554C36C37EED55AF1E2C740 /* Pods-XLsn0wDrawKit.release.xcconfig */;
			buildSettings = {
				ASSETCATALOG_COMPILER_APPICON_NAME = AppIcon;
				CODE_SIGN_STYLE = Automatic;
				DEVELOPMENT_TEAM = MS6RTU94VW;
				GCC_PREFIX_HEADER = XLsn0wDrawKit/Main/PrefixHeader.pch;
				INFOPLIST_FILE = XLsn0wDrawKit/Main/Info.plist;
				LD_RUNPATH_SEARCH_PATHS = (
					"$(inherited)",
					"@executable_path/Frameworks",
				);
				PRODUCT_BUNDLE_IDENTIFIER = com.ginlong.XLsn0wDrawKit;
				PRODUCT_NAME = "$(TARGET_NAME)";
				TARGETED_DEVICE_FAMILY = "1,2";
			};
			name = Release;
		};
		CD322CBC2088431300609DCA /* Debug */ = {
			isa = XCBuildConfiguration;
			buildSettings = {
				BUNDLE_LOADER = "$(TEST_HOST)";
				CODE_SIGN_STYLE = Automatic;
				DEVELOPMENT_TEAM = MS6RTU94VW;
				INFOPLIST_FILE = XLsn0wDrawKitTests/Info.plist;
				LD_RUNPATH_SEARCH_PATHS = (
					"$(inherited)",
					"@executable_path/Frameworks",
					"@loader_path/Frameworks",
				);
				PRODUCT_BUNDLE_IDENTIFIER = com.ginlong.XLsn0wDrawKitTests;
				PRODUCT_NAME = "$(TARGET_NAME)";
				TARGETED_DEVICE_FAMILY = "1,2";
				TEST_HOST = "$(BUILT_PRODUCTS_DIR)/XLsn0wDrawKit.app/XLsn0wDrawKit";
			};
			name = Debug;
		};
		CD322CBD2088431300609DCA /* Release */ = {
			isa = XCBuildConfiguration;
			buildSettings = {
				BUNDLE_LOADER = "$(TEST_HOST)";
				CODE_SIGN_STYLE = Automatic;
				DEVELOPMENT_TEAM = MS6RTU94VW;
				INFOPLIST_FILE = XLsn0wDrawKitTests/Info.plist;
				LD_RUNPATH_SEARCH_PATHS = (
					"$(inherited)",
					"@executable_path/Frameworks",
					"@loader_path/Frameworks",
				);
				PRODUCT_BUNDLE_IDENTIFIER = com.ginlong.XLsn0wDrawKitTests;
				PRODUCT_NAME = "$(TARGET_NAME)";
				TARGETED_DEVICE_FAMILY = "1,2";
				TEST_HOST = "$(BUILT_PRODUCTS_DIR)/XLsn0wDrawKit.app/XLsn0wDrawKit";
			};
			name = Release;
		};
		CD322CBF2088431300609DCA /* Debug */ = {
			isa = XCBuildConfiguration;
			buildSettings = {
				CODE_SIGN_STYLE = Automatic;
				DEVELOPMENT_TEAM = MS6RTU94VW;
				INFOPLIST_FILE = XLsn0wDrawKitUITests/Info.plist;
				LD_RUNPATH_SEARCH_PATHS = (
					"$(inherited)",
					"@executable_path/Frameworks",
					"@loader_path/Frameworks",
				);
				PRODUCT_BUNDLE_IDENTIFIER = com.ginlong.XLsn0wDrawKitUITests;
				PRODUCT_NAME = "$(TARGET_NAME)";
				TARGETED_DEVICE_FAMILY = "1,2";
				TEST_TARGET_NAME = XLsn0wDrawKit;
			};
			name = Debug;
		};
		CD322CC02088431300609DCA /* Release */ = {
			isa = XCBuildConfiguration;
			buildSettings = {
				CODE_SIGN_STYLE = Automatic;
				DEVELOPMENT_TEAM = MS6RTU94VW;
				INFOPLIST_FILE = XLsn0wDrawKitUITests/Info.plist;
				LD_RUNPATH_SEARCH_PATHS = (
					"$(inherited)",
					"@executable_path/Frameworks",
					"@loader_path/Frameworks",
				);
				PRODUCT_BUNDLE_IDENTIFIER = com.ginlong.XLsn0wDrawKitUITests;
				PRODUCT_NAME = "$(TARGET_NAME)";
				TARGETED_DEVICE_FAMILY = "1,2";
				TEST_TARGET_NAME = XLsn0wDrawKit;
			};
			name = Release;
		};
/* End XCBuildConfiguration section */

/* Begin XCConfigurationList section */
		CD322C872088431100609DCA /* Build configuration list for PBXProject "XLsn0wDrawKit" */ = {
			isa = XCConfigurationList;
			buildConfigurations = (
				CD322CB62088431300609DCA /* Debug */,
				CD322CB72088431300609DCA /* Release */,
			);
			defaultConfigurationIsVisible = 0;
			defaultConfigurationName = Release;
		};
		CD322CB82088431300609DCA /* Build configuration list for PBXNativeTarget "XLsn0wDrawKit" */ = {
			isa = XCConfigurationList;
			buildConfigurations = (
				CD322CB92088431300609DCA /* Debug */,
				CD322CBA2088431300609DCA /* Release */,
			);
			defaultConfigurationIsVisible = 0;
			defaultConfigurationName = Release;
		};
		CD322CBB2088431300609DCA /* Build configuration list for PBXNativeTarget "XLsn0wDrawKitTests" */ = {
			isa = XCConfigurationList;
			buildConfigurations = (
				CD322CBC2088431300609DCA /* Debug */,
				CD322CBD2088431300609DCA /* Release */,
			);
			defaultConfigurationIsVisible = 0;
			defaultConfigurationName = Release;
		};
		CD322CBE2088431300609DCA /* Build configuration list for PBXNativeTarget "XLsn0wDrawKitUITests" */ = {
			isa = XCConfigurationList;
			buildConfigurations = (
				CD322CBF2088431300609DCA /* Debug */,
				CD322CC02088431300609DCA /* Release */,
			);
			defaultConfigurationIsVisible = 0;
			defaultConfigurationName = Release;
		};
/* End XCConfigurationList section */
	};
	rootObject = CD322C842088431100609DCA /* Project object */;
}
